
Microsoft Visual Studio Solution File, Format Version 12.00
Project("{FAE04EC0-301F-11D3-BF4B-00C04F79EFBC}") = "GicCinema", "GicCinema.csproj", "{ED60DBBC-F7E7-4B5C-8524-5AF32EE92353}"
EndProject
Global
	GlobalSection(SolutionConfigurationPlatforms) = preSolution
		Debug|Any CPU = Debug|Any CPU
		Release|Any CPU = Release|Any CPU
	EndGlobalSection
	GlobalSection(ProjectConfigurationPlatforms) = postSolution
		{ED60DBBC-F7E7-4B5C-8524-5AF32EE92353}.Debug|Any CPU.ActiveCfg = Debug|Any CPU
		{ED60DBBC-F7E7-4B5C-8524-5AF32EE92353}.Debug|Any CPU.Build.0 = Debug|Any CPU
		{ED60DBBC-F7E7-4B5C-8524-5AF32EE92353}.Release|Any CPU.ActiveCfg = Release|Any CPU
		{ED60DBBC-F7E7-4B5C-8524-5AF32EE92353}.Release|Any CPU.Build.0 = Release|Any CPU
	EndGlobalSection
EndGlobal
